
Microsoft Visual Studio Solution File, Format Version 12.00
# Visual Studio Version 16
VisualStudioVersion = 16.0.29911.84
MinimumVisualStudioVersion = 10.0.40219.1
Project("{FAE04EC0-301F-11D3-BF4B-00C04F79EFBC}") = "PrimeNumbers.Api", "PrimeNumbers.Api\PrimeNumbers.Api.csproj", "{56E7F310-A60F-411F-8D2B-8369E3B9A938}"
EndProject
Project("{FAE04EC0-301F-11D3-BF4B-00C04F79EFBC}") = "PrimeNumbers.Service", "PrimeNumbers.Service\PrimeNumbers.Service.csproj", "{4E3043C2-180B-4799-8733-7E32116F1339}"
EndProject
Project("{FAE04EC0-301F-11D3-BF4B-00C04F79EFBC}") = "PrimeNumbers.Test", "PrimeNumbers.Test\PrimeNumbers.Test.csproj", "{67FACA83-6772-4696-AC8A-3DE5186EB080}"
EndProject
Global
	GlobalSection(SolutionConfigurationPlatforms) = preSolution
		Debug|Any CPU = Debug|Any CPU
		Release|Any CPU = Release|Any CPU
	EndGlobalSection
	GlobalSection(ProjectConfigurationPlatforms) = postSolution
		{56E7F310-A60F-411F-8D2B-8369E3B9A938}.Debug|Any CPU.ActiveCfg = Debug|Any CPU
		{56E7F310-A60F-411F-8D2B-8369E3B9A938}.Debug|Any CPU.Build.0 = Debug|Any CPU
		{56E7F310-A60F-411F-8D2B-8369E3B9A938}.Release|Any CPU.ActiveCfg = Release|Any CPU
		{56E7F310-A60F-411F-8D2B-8369E3B9A938}.Release|Any CPU.Build.0 = Release|Any CPU
		{4E3043C2-180B-4799-8733-7E32116F1339}.Debug|Any CPU.ActiveCfg = Debug|Any CPU
		{4E3043C2-180B-4799-8733-7E32116F1339}.Debug|Any CPU.Build.0 = Debug|Any CPU
		{4E3043C2-180B-4799-8733-7E32116F1339}.Release|Any CPU.ActiveCfg = Release|Any CPU
		{4E3043C2-180B-4799-8733-7E32116F1339}.Release|Any CPU.Build.0 = Release|Any CPU
		{67FACA83-6772-4696-AC8A-3DE5186EB080}.Debug|Any CPU.ActiveCfg = Debug|Any CPU
		{67FACA83-6772-4696-AC8A-3DE5186EB080}.Debug|Any CPU.Build.0 = Debug|Any CPU
		{67FACA83-6772-4696-AC8A-3DE5186EB080}.Release|Any CPU.ActiveCfg = Release|Any CPU
		{67FACA83-6772-4696-AC8A-3DE5186EB080}.Release|Any CPU.Build.0 = Release|Any CPU
	EndGlobalSection
	GlobalSection(SolutionProperties) = preSolution
		HideSolutionNode = FALSE
	EndGlobalSection
	GlobalSection(ExtensibilityGlobals) = postSolution
		SolutionGuid = {7EF89544-2A16-46DE-9528-45454D2ECE3C}
	EndGlobalSection
EndGlobal
